PODS:
  - CocoaLumberjack (3.2.1):
    - CocoaLumberjack/Default (= 3.2.1)
    - CocoaLumberjack/Extensions (= 3.2.1)
  - CocoaLumberjack/Default (3.2.1)
  - CocoaLumberjack/Extensions (3.2.1):
    - CocoaLumberjack/Default
  - WordPress-iOS-Editor (1.9.7):
    - CocoaLumberjack (~> 3.2.0)

DEPENDENCIES:
  - CocoaLumberjack (~> 3.2.1)
  - WordPress-iOS-Editor (from `../`)

SPEC REPOS:
  https://github.com/cocoapods/specs.git:
    - CocoaLumberjack

EXTERNAL SOURCES:
  WordPress-iOS-Editor:
    :path: "../"

SPEC CHECKSUMS:
  CocoaLumberjack: 2800c03334042fe80589423c8d80e582dcaec482
  WordPress-iOS-Editor: b3ecafac748ebe4efecda4493218b240cfc9ba1d

PODFILE CHECKSUM: 99b587296b7d8c073f7d6c8c65556e014c44ecc8

COCOAPODS: 1.5.3
